lockfileVersion: '9.0'

settings:
  autoInstallPeers: true
  excludeLinksFromLockfile: false

importers:

  .:
    devDependencies:
      aws-cdk:
        specifier: ^2.155.0
        version: 2.155.0

packages:

  aws-cdk@2.155.0:
    resolution: {integrity: sha512-AV7Ym/o7/xyDh6sqcGatWD6Bqa7Swe0OWJq+1srVww0MdBiy5yM3zYAA1+ZeqZNjFQThJPA+pYZQFTgojuaVBA==}
    engines: {node: '>= 14.15.0'}
    hasBin: true

  fsevents@2.3.2:
    resolution: {integrity: sha512-xiqMQR4xAeHTuB9uWm+fFRcIOgKBMiOBP+eXiyT7jsgVCq1bkVygt00oASowB7EdtpOHaaPgKt812P9ab+DDKA==}
    engines: {node: ^8.16.0 || ^10.6.0 || >=11.0.0}
    os: [darwin]

snapshots:

  aws-cdk@2.155.0:
    optionalDependencies:
      fsevents: 2.3.2

  fsevents@2.3.2:
    optional: true
